
Microsoft Visual Studio Solution File, Format Version 12.00
# Visual Studio Version 16
VisualStudioVersion = 16.0.29306.81
MinimumVisualStudioVersion = 10.0.40219.1
Project("{FAE04EC0-301F-11D3-BF4B-00C04F79EFBC}") = "Habbo Server", "Habbo Server.csproj", "{1C9B9BBA-E628-4170-A9AF-46934CA74EA7}"
EndProject
Global
	GlobalSection(SolutionConfigurationPlatforms) = preSolution
		Debug|Any CPU = Debug|Any CPU
		Release|Any CPU = Release|Any CPU
	EndGlobalSection
	GlobalSection(ProjectConfigurationPlatforms) = postSolution
		{1C9B9BBA-E628-4170-A9AF-46934CA74EA7}.Debug|Any CPU.ActiveCfg = Debug|Any CPU
		{1C9B9BBA-E628-4170-A9AF-46934CA74EA7}.Debug|Any CPU.Build.0 = Debug|Any CPU
		{1C9B9BBA-E628-4170-A9AF-46934CA74EA7}.Release|Any CPU.ActiveCfg = Release|Any CPU
		{1C9B9BBA-E628-4170-A9AF-46934CA74EA7}.Release|Any CPU.Build.0 = Release|Any CPU
	EndGlobalSection
	GlobalSection(SolutionProperties) = preSolution
		HideSolutionNode = FALSE
	EndGlobalSection
	GlobalSection(ExtensibilityGlobals) = postSolution
		SolutionGuid = {19E0B132-8520-495D-97D1-1E95CD3CF6D2}
	EndGlobalSection
EndGlobal
